// !$*UTF8*$!
{
	archiveVersion = 1;
	classes = {
	};
	objectVersion = 56;
	objects = {

/* Begin PBXBuildFile section */
		128358F72CC421FF005A78BC /* HomeView.swift in Sources */ = {isa = PBXBuildFile; fileRef = 128358F62CC421FF005A78BC /* HomeView.swift */; };
		128358F92CC42210005A78BC /* SettingsView.swift in Sources */ = {isa = PBXBuildFile; fileRef = 128358F82CC42210005A78BC /* SettingsView.swift */; };
		128358FB2CC42220005A78BC /* ProfileView.swift in Sources */ = {isa = PBXBuildFile; fileRef = 128358FA2CC42220005A78BC /* ProfileView.swift */; };
		3A6BFB772CC42B1F0013E734 /* GoogleService-Info.plist in Resources */ = {isa = PBXBuildFile; fileRef = 3A6BFB762CC42B1F0013E734 /* GoogleService-Info.plist */; };
		3A6BFB7A2CC42BFD0013E734 /* FirebaseAnalyticsWithoutAdIdSupport in Frameworks */ = {isa = PBXBuildFile; productRef = 3A6BFB792CC42BFD0013E734 /* FirebaseAnalyticsWithoutAdIdSupport */; };
		3A6BFB7C2CC42BFD0013E734 /* FirebaseAuth in Frameworks */ = {isa = PBXBuildFile; productRef = 3A6BFB7B2CC42BFD0013E734 /* FirebaseAuth */; };
		3A6BFB7E2CC42BFD0013E734 /* FirebaseCore in Frameworks */ = {isa = PBXBuildFile; productRef = 3A6BFB7D2CC42BFD0013E734 /* FirebaseCore */; };
		3A6BFB802CC42BFD0013E734 /* FirebaseDatabase in Frameworks */ = {isa = PBXBuildFile; productRef = 3A6BFB7F2CC42BFD0013E734 /* FirebaseDatabase */; };
		3A6BFB822CC42BFD0013E734 /* FirebaseFirestore in Frameworks */ = {isa = PBXBuildFile; productRef = 3A6BFB812CC42BFD0013E734 /* FirebaseFirestore */; };
		3A6BFB842CC42BFD0013E734 /* FirebaseFunctions in Frameworks */ = {isa = PBXBuildFile; productRef = 3A6BFB832CC42BFD0013E734 /* FirebaseFunctions */; };
		3A6BFB862CC42BFD0013E734 /* FirebaseInAppMessaging-Beta in Frameworks */ = {isa = PBXBuildFile; productRef = 3A6BFB852CC42BFD0013E734 /* FirebaseInAppMessaging-Beta */; };
		3A6BFB882CC42BFD0013E734 /* FirebaseInstallations in Frameworks */ = {isa = PBXBuildFile; productRef = 3A6BFB872CC42BFD0013E734 /* FirebaseInstallations */; };
		3A6BFB8A2CC42BFD0013E734 /* FirebaseMessaging in Frameworks */ = {isa = PBXBuildFile; productRef = 3A6BFB892CC42BFD0013E734 /* FirebaseMessaging */; };
		3A6BFB8C2CC42BFD0013E734 /* FirebaseRemoteConfig in Frameworks */ = {isa = PBXBuildFile; productRef = 3A6BFB8B2CC42BFD0013E734 /* FirebaseRemoteConfig */; };
		3A6BFB8E2CC42BFD0013E734 /* FirebaseStorage in Frameworks */ = {isa = PBXBuildFile; productRef = 3A6BFB8D2CC42BFD0013E734 /* FirebaseStorage */; };
		3A6BFB902CC42BFD0013E734 /* FirebaseStorageCombine-Community in Frameworks */ = {isa = PBXBuildFile; productRef = 3A6BFB8F2CC42BFD0013E734 /* FirebaseStorageCombine-Community */; };
		3A6BFB922CC42F740013E734 /* GameView.swift in Sources */ = {isa = PBXBuildFile; fileRef = 3A6BFB912CC42F720013E734 /* GameView.swift */; };
		3A6BFB942CC4307F0013E734 /* CreateGameView.swift in Sources */ = {isa = PBXBuildFile; fileRef = 3A6BFB932CC4307B0013E734 /* CreateGameView.swift */; };
		9242A1F32A75B343009263B9 /* Emoji_LoverApp.swift in Sources */ = {isa = PBXBuildFile; fileRef = 9242A1F22A75B343009263B9 /* Emoji_LoverApp.swift */; };
		9242A1F52A75B343009263B9 /* ContentView.swift in Sources */ = {isa = PBXBuildFile; fileRef = 9242A1F42A75B343009263B9 /* ContentView.swift */; };
		9242A1F72A75B344009263B9 /* Assets.xcassets in Resources */ = {isa = PBXBuildFile; fileRef = 9242A1F62A75B344009263B9 /* Assets.xcassets */; };
		9242A1FA2A75B344009263B9 /* Preview Assets.xcassets in Resources */ = {isa = PBXBuildFile; fileRef = 9242A1F92A75B344009263B9 /* Preview Assets.xcassets */; };
		F691E4702FF4239024DF325C /* Pods_Emoji_Lover.framework in Frameworks */ = {isa = PBXBuildFile; fileRef = CD6AE17026FDFA71165C35AE /* Pods_Emoji_Lover.framework */; };
/* End PBXBuildFile section */

/* Begin PBXFileReference section */
		128358F62CC421FF005A78BC /* HomeView.swift */ = {isa = PBXFileReference; lastKnownFileType = sourcecode.swift; path = HomeView.swift; sourceTree = "<group>"; };
		128358F82CC42210005A78BC /* SettingsView.swift */ = {isa = PBXFileReference; lastKnownFileType = sourcecode.swift; path = SettingsView.swift; sourceTree = "<group>"; };
		128358FA2CC42220005A78BC /* ProfileView.swift */ = {isa = PBXFileReference; lastKnownFileType = sourcecode.swift; path = ProfileView.swift; sourceTree = "<group>"; };
		3A6BFB762CC42B1F0013E734 /* GoogleService-Info.plist */ = {isa = PBXFileReference; lastKnownFileType = text.plist.xml; path = "GoogleService-Info.plist"; sourceTree = "<group>"; };
		3A6BFB912CC42F720013E734 /* GameView.swift */ = {isa = PBXFileReference; lastKnownFileType = sourcecode.swift; path = GameView.swift; sourceTree = "<group>"; };
		3A6BFB932CC4307B0013E734 /* CreateGameView.swift */ = {isa = PBXFileReference; lastKnownFileType = sourcecode.swift; path = CreateGameView.swift; sourceTree = "<group>"; };
		5FED3548A50D46FD01E22EDB /* Pods-Emoji Lover.release.xcconfig */ = {isa = PBXFileReference; includeInIndex = 1; lastKnownFileType = text.xcconfig; name = "Pods-Emoji Lover.release.xcconfig"; path = "Target Support Files/Pods-Emoji Lover/Pods-Emoji Lover.release.xcconfig"; sourceTree = "<group>"; };
		9242A1EF2A75B343009263B9 /* Emoji Lover.app */ = {isa = PBXFileReference; explicitFileType = wrapper.application; includeInIndex = 0; path = "Emoji Lover.app"; sourceTree = BUILT_PRODUCTS_DIR; };
		9242A1F22A75B343009263B9 /* Emoji_LoverApp.swift */ = {isa = PBXFileReference; lastKnownFileType = sourcecode.swift; path = Emoji_LoverApp.swift; sourceTree = "<group>"; };
		9242A1F42A75B343009263B9 /* ContentView.swift */ = {isa = PBXFileReference; lastKnownFileType = sourcecode.swift; path = ContentView.swift; sourceTree = "<group>"; };
		9242A1F62A75B344009263B9 /* Assets.xcassets */ = {isa = PBXFileReference; lastKnownFileType = folder.assetcatalog; path = Assets.xcassets; sourceTree = "<group>"; };
		9242A1F92A75B344009263B9 /* Preview Assets.xcassets */ = {isa = PBXFileReference; lastKnownFileType = folder.assetcatalog; path = "Preview Assets.xcassets"; sourceTree = "<group>"; };
		B5DF6D044245B0CF30C038FD /* Pods-Emoji Lover.debug.xcconfig */ = {isa = PBXFileReference; includeInIndex = 1; lastKnownFileType = text.xcconfig; name = "Pods-Emoji Lover.debug.xcconfig"; path = "Target Support Files/Pods-Emoji Lover/Pods-Emoji Lover.debug.xcconfig"; sourceTree = "<group>"; };
		CD6AE17026FDFA71165C35AE /* Pods_Emoji_Lover.framework */ = {isa = PBXFileReference; explicitFileType = wrapper.framework; includeInIndex = 0; path = Pods_Emoji_Lover.framework; sourceTree = BUILT_PRODUCTS_DIR; };
/* End PBXFileReference section */

/* Begin PBXFrameworksBuildPhase section */
		9242A1EC2A75B343009263B9 /* Frameworks */ = {
			isa = PBXFrameworksBuildPhase;
			buildActionMask = 2147483647;
			files = (
				3A6BFB8C2CC42BFD0013E734 /* FirebaseRemoteConfig in Frameworks */,
				3A6BFB802CC42BFD0013E734 /* FirebaseDatabase in Frameworks */,
				3A6BFB842CC42BFD0013E734 /* FirebaseFunctions in Frameworks */,
				3A6BFB902CC42BFD0013E734 /* FirebaseStorageCombine-Community in Frameworks */,
				3A6BFB8A2CC42BFD0013E734 /* FirebaseMessaging in Frameworks */,
				F691E4702FF4239024DF325C /* Pods_Emoji_Lover.framework in Frameworks */,
				3A6BFB8E2CC42BFD0013E734 /* FirebaseStorage in Frameworks */,
				3A6BFB882CC42BFD0013E734 /* FirebaseInstallations in Frameworks */,
				3A6BFB862CC42BFD0013E734 /* FirebaseInAppMessaging-Beta in Frameworks */,
				3A6BFB7C2CC42BFD0013E734 /* FirebaseAuth in Frameworks */,
				3A6BFB7E2CC42BFD0013E734 /* FirebaseCore in Frameworks */,
				3A6BFB7A2CC42BFD0013E734 /* FirebaseAnalyticsWithoutAdIdSupport in Frameworks */,
				3A6BFB822CC42BFD0013E734 /* FirebaseFirestore in Frameworks */,
			);
			runOnlyForDeploymentPostprocessing = 0;
		};
/* End PBXFrameworksBuildPhase section */

/* Begin PBXGroup section */
		2AC34C92ED67524921B7A6C0 /* Frameworks */ = {
			isa = PBXGroup;
			children = (
				CD6AE17026FDFA71165C35AE /* Pods_Emoji_Lover.framework */,
			);
			name = Frameworks;
			sourceTree = "<group>";
		};
		40E8DA649BF0F2CD341FFA2B /* Pods */ = {
			isa = PBXGroup;
			children = (
				B5DF6D044245B0CF30C038FD /* Pods-Emoji Lover.debug.xcconfig */,
				5FED3548A50D46FD01E22EDB /* Pods-Emoji Lover.release.xcconfig */,
			);
			path = Pods;
			sourceTree = "<group>";
		};
		9242A1E62A75B343009263B9 = {
			isa = PBXGroup;
			children = (
				9242A1F12A75B343009263B9 /* Emoji Lover */,
				9242A1F02A75B343009263B9 /* Products */,
				40E8DA649BF0F2CD341FFA2B /* Pods */,
				2AC34C92ED67524921B7A6C0 /* Frameworks */,
			);
			sourceTree = "<group>";
		};
		9242A1F02A75B343009263B9 /* Products */ = {
			isa = PBXGroup;
			children = (
				9242A1EF2A75B343009263B9 /* Emoji Lover.app */,
			);
			name = Products;
			sourceTree = "<group>";
		};
		9242A1F12A75B343009263B9 /* Emoji Lover */ = {
			isa = PBXGroup;
			children = (
				9242A1F22A75B343009263B9 /* Emoji_LoverApp.swift */,
				9242A1F42A75B343009263B9 /* ContentView.swift */,
				3A6BFB932CC4307B0013E734 /* CreateGameView.swift */,
				128358F62CC421FF005A78BC /* HomeView.swift */,
				3A6BFB762CC42B1F0013E734 /* GoogleService-Info.plist */,
				128358F82CC42210005A78BC /* SettingsView.swift */,
				128358FA2CC42220005A78BC /* ProfileView.swift */,
				3A6BFB912CC42F720013E734 /* GameView.swift */,
				9242A1F62A75B344009263B9 /* Assets.xcassets */,
				9242A1F82A75B344009263B9 /* Preview Content */,
			);
			path = "Emoji Lover";
			sourceTree = "<group>";
		};
		9242A1F82A75B344009263B9 /* Preview Content */ = {
			isa = PBXGroup;
			children = (
				9242A1F92A75B344009263B9 /* Preview Assets.xcassets */,
			);
			path = "Preview Content";
			sourceTree = "<group>";
		};
/* End PBXGroup section */

/* Begin PBXNativeTarget section */
		9242A1EE2A75B343009263B9 /* Emoji Lover */ = {
			isa = PBXNativeTarget;
			buildConfigurationList = 9242A1FD2A75B344009263B9 /* Build configuration list for PBXNativeTarget "Emoji Lover" */;
			buildPhases = (
				E1B29DED655BA7EB6A1176AA /* [CP] Check Pods Manifest.lock */,
				9242A1EB2A75B343009263B9 /* Sources */,
				9242A1EC2A75B343009263B9 /* Frameworks */,
				9242A1ED2A75B343009263B9 /* Resources */,
				807BF576886F4C9D00F56C8D /* [CP] Copy Pods Resources */,
			);
			buildRules = (
			);
			dependencies = (
			);
			name = "Emoji Lover";
			productName = "Emoji Lover";
			productReference = 9242A1EF2A75B343009263B9 /* Emoji Lover.app */;
			productType = "com.apple.product-type.application";
		};
/* End PBXNativeTarget section */

/* Begin PBXProject section */
		9242A1E72A75B343009263B9 /* Project object */ = {
			isa = PBXProject;
			attributes = {
				BuildIndependentTargetsInParallel = 1;
				LastSwiftUpdateCheck = 1430;
				LastUpgradeCheck = 1430;
				TargetAttributes = {
					9242A1EE2A75B343009263B9 = {
						CreatedOnToolsVersion = 14.3.1;
					};
				};
			};
			buildConfigurationList = 9242A1EA2A75B343009263B9 /* Build configuration list for PBXProject "Emoji Lover" */;
			compatibilityVersion = "Xcode 14.0";
			developmentRegion = en;
			hasScannedForEncodings = 0;
			knownRegions = (
				en,
				Base,
			);
			mainGroup = 9242A1E62A75B343009263B9;
			packageReferences = (
				3A6BFB782CC42BFD0013E734 /* XCRemoteSwiftPackageReference "firebase-ios-sdk" */,
			);
			productRefGroup = 9242A1F02A75B343009263B9 /* Products */;
			projectDirPath = "";
			projectRoot = "";
			targets = (
				9242A1EE2A75B343009263B9 /* Emoji Lover */,
			);
		};
/* End PBXProject section */

/* Begin PBXResourcesBuildPhase section */
		9242A1ED2A75B343009263B9 /* Resources */ = {
			isa = PBXResourcesBuildPhase;
			buildActionMask = 2147483647;
			files = (
				9242A1FA2A75B344009263B9 /* Preview Assets.xcassets in Resources */,
				3A6BFB772CC42B1F0013E734 /* GoogleService-Info.plist in Resources */,
				9242A1F72A75B344009263B9 /* Assets.xcassets in Resources */,
			);
			runOnlyForDeploymentPostprocessing = 0;
		};
/* End PBXResourcesBuildPhase section */

/* Begin PBXShellScriptBuildPhase section */
		807BF576886F4C9D00F56C8D /* [CP] Copy Pods Resources */ = {
			isa = PBXShellScriptBuildPhase;
			buildActionMask = 2147483647;
			files = (
			);
			inputFileListPaths = (
				"${PODS_ROOT}/Target Support Files/Pods-Emoji Lover/Pods-Emoji Lover-resources-${CONFIGURATION}-input-files.xcfilelist",
			);
			name = "[CP] Copy Pods Resources";
			outputFileListPaths = (
				"${PODS_ROOT}/Target Support Files/Pods-Emoji Lover/Pods-Emoji Lover-resources-${CONFIGURATION}-output-files.xcfilelist",
			);
			runOnlyForDeploymentPostprocessing = 0;
			shellPath = /bin/sh;
			shellScript = "\"${PODS_ROOT}/Target Support Files/Pods-Emoji Lover/Pods-Emoji Lover-resources.sh\"\n";
			showEnvVarsInLog = 0;
		};
		E1B29DED655BA7EB6A1176AA /* [CP] Check Pods Manifest.lock */ = {
			isa = PBXShellScriptBuildPhase;
			buildActionMask = 2147483647;
			files = (
			);
			inputFileListPaths = (
			);
			inputPaths = (
				"${PODS_PODFILE_DIR_PATH}/Podfile.lock",
				"${PODS_ROOT}/Manifest.lock",
			);
			name = "[CP] Check Pods Manifest.lock";
			outputFileListPaths = (
			);
			outputPaths = (
				"$(DERIVED_FILE_DIR)/Pods-Emoji Lover-checkManifestLockResult.txt",
			);
			runOnlyForDeploymentPostprocessing = 0;
			shellPath = /bin/sh;
			shellScript = "diff \"${PODS_PODFILE_DIR_PATH}/Podfile.lock\" \"${PODS_ROOT}/Manifest.lock\" > /dev/null\nif [ $? != 0 ] ; then\n    # print error to STDERR\n    echo \"error: The sandbox is not in sync with the Podfile.lock. Run 'pod install' or update your CocoaPods installation.\" >&2\n    exit 1\nfi\n# This output is used by Xcode 'outputs' to avoid re-running this script phase.\necho \"SUCCESS\" > \"${SCRIPT_OUTPUT_FILE_0}\"\n";
			showEnvVarsInLog = 0;
		};
/* End PBXShellScriptBuildPhase section */

/* Begin PBXSourcesBuildPhase section */
		9242A1EB2A75B343009263B9 /* Sources */ = {
			isa = PBXSourcesBuildPhase;
			buildActionMask = 2147483647;
			files = (
				3A6BFB942CC4307F0013E734 /* CreateGameView.swift in Sources */,
				128358F72CC421FF005A78BC /* HomeView.swift in Sources */,
				128358F92CC42210005A78BC /* SettingsView.swift in Sources */,
				128358FB2CC42220005A78BC /* ProfileView.swift in Sources */,
				9242A1F52A75B343009263B9 /* ContentView.swift in Sources */,
				3A6BFB922CC42F740013E734 /* GameView.swift in Sources */,
				9242A1F32A75B343009263B9 /* Emoji_LoverApp.swift in Sources */,
			);
			runOnlyForDeploymentPostprocessing = 0;
		};
/* End PBXSourcesBuildPhase section */

/* Begin XCBuildConfiguration section */
		9242A1FB2A75B344009263B9 /* Debug */ = {
			isa = XCBuildConfiguration;
			buildSettings = {
				ALWAYS_SEARCH_USER_PATHS = NO;
				CLANG_ANALYZER_NONNULL = YES;
				CLANG_ANALYZER_NUMBER_OBJECT_CONVERSION = YES_AGGRESSIVE;
				CLANG_CXX_LANGUAGE_STANDARD = "gnu++20";
				CLANG_ENABLE_MODULES = YES;
				CLANG_ENABLE_OBJC_ARC = YES;
				CLANG_ENABLE_OBJC_WEAK = YES;
				CLANG_WARN_BLOCK_CAPTURE_AUTORELEASING = YES;
				CLANG_WARN_BOOL_CONVERSION = YES;
				CLANG_WARN_COMMA = YES;
				CLANG_WARN_CONSTANT_CONVERSION = YES;
				CLANG_WARN_DEPRECATED_OBJC_IMPLEMENTATIONS = YES;
				CLANG_WARN_DIRECT_OBJC_ISA_USAGE = YES_ERROR;
				CLANG_WARN_DOCUMENTATION_COMMENTS = YES;
				CLANG_WARN_EMPTY_BODY = YES;
				CLANG_WARN_ENUM_CONVERSION = YES;
				CLANG_WARN_INFINITE_RECURSION = YES;
				CLANG_WARN_INT_CONVERSION = YES;
				CLANG_WARN_NON_LITERAL_NULL_CONVERSION = YES;
				CLANG_WARN_OBJC_IMPLICIT_RETAIN_SELF = YES;
				CLANG_WARN_OBJC_LITERAL_CONVERSION = YES;
				CLANG_WARN_OBJC_ROOT_CLASS = YES_ERROR;
				CLANG_WARN_QUOTED_INCLUDE_IN_FRAMEWORK_HEADER = YES;
				CLANG_WARN_RANGE_LOOP_ANALYSIS = YES;
				CLANG_WARN_STRICT_PROTOTYPES = YES;
				CLANG_WARN_SUSPICIOUS_MOVE = YES;
				CLANG_WARN_UNGUARDED_AVAILABILITY = YES_AGGRESSIVE;
				CLANG_WARN_UNREACHABLE_CODE = YES;
				CLANG_WARN__DUPLICATE_METHOD_MATCH = YES;
				COPY_PHASE_STRIP = NO;
				DEBUG_INFORMATION_FORMAT = dwarf;
				ENABLE_STRICT_OBJC_MSGSEND = YES;
				ENABLE_TESTABILITY = YES;
				GCC_C_LANGUAGE_STANDARD = gnu11;
				GCC_DYNAMIC_NO_PIC = NO;
				GCC_NO_COMMON_BLOCKS = YES;
				GCC_OPTIMIZATION_LEVEL = 0;
				GCC_PREPROCESSOR_DEFINITIONS = (
					"DEBUG=1",
					"$(inherited)",
				);
				GCC_WARN_64_TO_32_BIT_CONVERSION = YES;
				GCC_WARN_ABOUT_RETURN_TYPE = YES_ERROR;
				GCC_WARN_UNDECLARED_SELECTOR = YES;
				GCC_WARN_UNINITIALIZED_AUTOS = YES_AGGRESSIVE;
				GCC_WARN_UNUSED_FUNCTION = YES;
				GCC_WARN_UNUSED_VARIABLE = YES;
				IPHONEOS_DEPLOYMENT_TARGET = 16.4;
				MTL_ENABLE_DEBUG_INFO = INCLUDE_SOURCE;
				MTL_FAST_MATH = YES;
				ONLY_ACTIVE_ARCH = YES;
				SDKROOT = iphoneos;
				SWIFT_ACTIVE_COMPILATION_CONDITIONS = DEBUG;
				SWIFT_OPTIMIZATION_LEVEL = "-Onone";
			};
			name = Debug;
		};
		9242A1FC2A75B344009263B9 /* Release */ = {
			isa = XCBuildConfiguration;
			buildSettings = {
				ALWAYS_SEARCH_USER_PATHS = NO;
				CLANG_ANALYZER_NONNULL = YES;
				CLANG_ANALYZER_NUMBER_OBJECT_CONVERSION = YES_AGGRESSIVE;
				CLANG_CXX_LANGUAGE_STANDARD = "gnu++20";
				CLANG_ENABLE_MODULES = YES;
				CLANG_ENABLE_OBJC_ARC = YES;
				CLANG_ENABLE_OBJC_WEAK = YES;
				CLANG_WARN_BLOCK_CAPTURE_AUTORELEASING = YES;
				CLANG_WARN_BOOL_CONVERSION = YES;
				CLANG_WARN_COMMA = YES;
				CLANG_WARN_CONSTANT_CONVERSION = YES;
				CLANG_WARN_DEPRECATED_OBJC_IMPLEMENTATIONS = YES;
				CLANG_WARN_DIRECT_OBJC_ISA_USAGE = YES_ERROR;
				CLANG_WARN_DOCUMENTATION_COMMENTS = YES;
				CLANG_WARN_EMPTY_BODY = YES;
				CLANG_WARN_ENUM_CONVERSION = YES;
				CLANG_WARN_INFINITE_RECURSION = YES;
				CLANG_WARN_INT_CONVERSION = YES;
				CLANG_WARN_NON_LITERAL_NULL_CONVERSION = YES;
				CLANG_WARN_OBJC_IMPLICIT_RETAIN_SELF = YES;
				CLANG_WARN_OBJC_LITERAL_CONVERSION = YES;
				CLANG_WARN_OBJC_ROOT_CLASS = YES_ERROR;
				CLANG_WARN_QUOTED_INCLUDE_IN_FRAMEWORK_HEADER = YES;
				CLANG_WARN_RANGE_LOOP_ANALYSIS = YES;
				CLANG_WARN_STRICT_PROTOTYPES = YES;
				CLANG_WARN_SUSPICIOUS_MOVE = YES;
				CLANG_WARN_UNGUARDED_AVAILABILITY = YES_AGGRESSIVE;
				CLANG_WARN_UNREACHABLE_CODE = YES;
				CLANG_WARN__DUPLICATE_METHOD_MATCH = YES;
				COPY_PHASE_STRIP = NO;
				DEBUG_INFORMATION_FORMAT = "dwarf-with-dsym";
				ENABLE_NS_ASSERTIONS = NO;
				ENABLE_STRICT_OBJC_MSGSEND = YES;
				GCC_C_LANGUAGE_STANDARD = gnu11;
				GCC_NO_COMMON_BLOCKS = YES;
				GCC_WARN_64_TO_32_BIT_CONVERSION = YES;
				GCC_WARN_ABOUT_RETURN_TYPE = YES_ERROR;
				GCC_WARN_UNDECLARED_SELECTOR = YES;
				GCC_WARN_UNINITIALIZED_AUTOS = YES_AGGRESSIVE;
				GCC_WARN_UNUSED_FUNCTION = YES;
				GCC_WARN_UNUSED_VARIABLE = YES;
				IPHONEOS_DEPLOYMENT_TARGET = 16.4;
				MTL_ENABLE_DEBUG_INFO = NO;
				MTL_FAST_MATH = YES;
				SDKROOT = iphoneos;
				SWIFT_COMPILATION_MODE = wholemodule;
				SWIFT_OPTIMIZATION_LEVEL = "-O";
				VALIDATE_PRODUCT = YES;
			};
			name = Release;
		};
		9242A1FE2A75B344009263B9 /* Debug */ = {
			isa = XCBuildConfiguration;
			baseConfigurationReference = B5DF6D044245B0CF30C038FD /* Pods-Emoji Lover.debug.xcconfig */;
			buildSettings = {
				ASSETCATALOG_COMPILER_APPICON_NAME = AppIcon;
				ASSETCATALOG_COMPILER_GLOBAL_ACCENT_COLOR_NAME = AccentColor;
				CODE_SIGN_STYLE = Automatic;
				CURRENT_PROJECT_VERSION = 1;
				DEVELOPMENT_ASSET_PATHS = "\"Emoji Lover/Preview Content\"";
				ENABLE_PREVIEWS = YES;
				GENERATE_INFOPLIST_FILE = YES;
				INFOPLIST_KEY_UIApplicationSceneManifest_Generation = YES;
				INFOPLIST_KEY_UIApplicationSupportsIndirectInputEvents = YES;
				INFOPLIST_KEY_UILaunchScreen_Generation = YES;
				INFOPLIST_KEY_UISupportedInterfaceOrientations_iPad = "UIInterfaceOrientationPortrait UIInterfaceOrientationPortraitUpsideDown UIInterfaceOrientationLandscapeLeft UIInterfaceOrientationLandscapeRight";
				INFOPLIST_KEY_UISupportedInterfaceOrientations_iPhone = "UIInterfaceOrientationPortrait UIInterfaceOrientationLandscapeLeft UIInterfaceOrientationLandscapeRight";
				LD_RUNPATH_SEARCH_PATHS = (
					"$(inherited)",
					"@executable_path/Frameworks",
				);
				MARKETING_VERSION = 1.0;
				PRODUCT_BUNDLE_IDENTIFIER = "mahit-apps.Emoji-Lover";
				PRODUCT_NAME = "$(TARGET_NAME)";
				SWIFT_EMIT_LOC_STRINGS = YES;
				SWIFT_VERSION = 5.0;
				TARGETED_DEVICE_FAMILY = "1,2";
			};
			name = Debug;
		};
		9242A1FF2A75B344009263B9 /* Release */ = {
			isa = XCBuildConfiguration;
			baseConfigurationReference = 5FED3548A50D46FD01E22EDB /* Pods-Emoji Lover.release.xcconfig */;
			buildSettings = {
				ASSETCATALOG_COMPILER_APPICON_NAME = AppIcon;
				ASSETCATALOG_COMPILER_GLOBAL_ACCENT_COLOR_NAME = AccentColor;
				CODE_SIGN_STYLE = Automatic;
				CURRENT_PROJECT_VERSION = 1;
				DEVELOPMENT_ASSET_PATHS = "\"Emoji Lover/Preview Content\"";
				ENABLE_PREVIEWS = YES;
				GENERATE_INFOPLIST_FILE = YES;
				INFOPLIST_KEY_UIApplicationSceneManifest_Generation = YES;
				INFOPLIST_KEY_UIApplicationSupportsIndirectInputEvents = YES;
				INFOPLIST_KEY_UILaunchScreen_Generation = YES;
				INFOPLIST_KEY_UISupportedInterfaceOrientations_iPad = "UIInterfaceOrientationPortrait UIInterfaceOrientationPortraitUpsideDown UIInterfaceOrientationLandscapeLeft UIInterfaceOrientationLandscapeRight";
				INFOPLIST_KEY_UISupportedInterfaceOrientations_iPhone = "UIInterfaceOrientationPortrait UIInterfaceOrientationLandscapeLeft UIInterfaceOrientationLandscapeRight";
				LD_RUNPATH_SEARCH_PATHS = (
					"$(inherited)",
					"@executable_path/Frameworks",
				);
				MARKETING_VERSION = 1.0;
				PRODUCT_BUNDLE_IDENTIFIER = "mahit-apps.Emoji-Lover";
				PRODUCT_NAME = "$(TARGET_NAME)";
				SWIFT_EMIT_LOC_STRINGS = YES;
				SWIFT_VERSION = 5.0;
				TARGETED_DEVICE_FAMILY = "1,2";
			};
			name = Release;
		};
/* End XCBuildConfiguration section */

/* Begin XCConfigurationList section */
		9242A1EA2A75B343009263B9 /* Build configuration list for PBXProject "Emoji Lover" */ = {
			isa = XCConfigurationList;
			buildConfigurations = (
				9242A1FB2A75B344009263B9 /* Debug */,
				9242A1FC2A75B344009263B9 /* Release */,
			);
			defaultConfigurationIsVisible = 0;
			defaultConfigurationName = Release;
		};
		9242A1FD2A75B344009263B9 /* Build configuration list for PBXNativeTarget "Emoji Lover" */ = {
			isa = XCConfigurationList;
			buildConfigurations = (
				9242A1FE2A75B344009263B9 /* Debug */,
				9242A1FF2A75B344009263B9 /* Release */,
			);
			defaultConfigurationIsVisible = 0;
			defaultConfigurationName = Release;
		};
/* End XCConfigurationList section */

/* Begin XCRemoteSwiftPackageReference section */
		3A6BFB782CC42BFD0013E734 /* XCRemoteSwiftPackageReference "firebase-ios-sdk" */ = {
			isa = XCRemoteSwiftPackageReference;
			repositoryURL = "https://github.com/firebase/firebase-ios-sdk";
			requirement = {
				kind = upToNextMajorVersion;
				minimumVersion = 11.3.0;
			};
		};
/* End XCRemoteSwiftPackageReference section */

/* Begin XCSwiftPackageProductDependency section */
		3A6BFB792CC42BFD0013E734 /* FirebaseAnalyticsWithoutAdIdSupport */ = {
			isa = XCSwiftPackageProductDependency;
			package = 3A6BFB782CC42BFD0013E734 /* XCRemoteSwiftPackageReference "firebase-ios-sdk" */;
			productName = FirebaseAnalyticsWithoutAdIdSupport;
		};
		3A6BFB7B2CC42BFD0013E734 /* FirebaseAuth */ = {
			isa = XCSwiftPackageProductDependency;
			package = 3A6BFB782CC42BFD0013E734 /* XCRemoteSwiftPackageReference "firebase-ios-sdk" */;
			productName = FirebaseAuth;
		};
		3A6BFB7D2CC42BFD0013E734 /* FirebaseCore */ = {
			isa = XCSwiftPackageProductDependency;
			package = 3A6BFB782CC42BFD0013E734 /* XCRemoteSwiftPackageReference "firebase-ios-sdk" */;
			productName = FirebaseCore;
		};
		3A6BFB7F2CC42BFD0013E734 /* FirebaseDatabase */ = {
			isa = XCSwiftPackageProductDependency;
			package = 3A6BFB782CC42BFD0013E734 /* XCRemoteSwiftPackageReference "firebase-ios-sdk" */;
			productName = FirebaseDatabase;
		};
		3A6BFB812CC42BFD0013E734 /* FirebaseFirestore */ = {
			isa = XCSwiftPackageProductDependency;
			package = 3A6BFB782CC42BFD0013E734 /* XCRemoteSwiftPackageReference "firebase-ios-sdk" */;
			productName = FirebaseFirestore;
		};
		3A6BFB832CC42BFD0013E734 /* FirebaseFunctions */ = {
			isa = XCSwiftPackageProductDependency;
			package = 3A6BFB782CC42BFD0013E734 /* XCRemoteSwiftPackageReference "firebase-ios-sdk" */;
			productName = FirebaseFunctions;
		};
		3A6BFB852CC42BFD0013E734 /* FirebaseInAppMessaging-Beta */ = {
			isa = XCSwiftPackageProductDependency;
			package = 3A6BFB782CC42BFD0013E734 /* XCRemoteSwiftPackageReference "firebase-ios-sdk" */;
			productName = "FirebaseInAppMessaging-Beta";
		};
		3A6BFB872CC42BFD0013E734 /* FirebaseInstallations */ = {
			isa = XCSwiftPackageProductDependency;
			package = 3A6BFB782CC42BFD0013E734 /* XCRemoteSwiftPackageReference "firebase-ios-sdk" */;
			productName = FirebaseInstallations;
		};
		3A6BFB892CC42BFD0013E734 /* FirebaseMessaging */ = {
			isa = XCSwiftPackageProductDependency;
			package = 3A6BFB782CC42BFD0013E734 /* XCRemoteSwiftPackageReference "firebase-ios-sdk" */;
			productName = FirebaseMessaging;
		};
		3A6BFB8B2CC42BFD0013E734 /* FirebaseRemoteConfig */ = {
			isa = XCSwiftPackageProductDependency;
			package = 3A6BFB782CC42BFD0013E734 /* XCRemoteSwiftPackageReference "firebase-ios-sdk" */;
			productName = FirebaseRemoteConfig;
		};
		3A6BFB8D2CC42BFD0013E734 /* FirebaseStorage */ = {
			isa = XCSwiftPackageProductDependency;
			package = 3A6BFB782CC42BFD0013E734 /* XCRemoteSwiftPackageReference "firebase-ios-sdk" */;
			productName = FirebaseStorage;
		};
		3A6BFB8F2CC42BFD0013E734 /* FirebaseStorageCombine-Community */ = {
			isa = XCSwiftPackageProductDependency;
			package = 3A6BFB782CC42BFD0013E734 /* XCRemoteSwiftPackageReference "firebase-ios-sdk" */;
			productName = "FirebaseStorageCombine-Community";
		};
/* End XCSwiftPackageProductDependency section */
	};
	rootObject = 9242A1E72A75B343009263B9 /* Project object */;
}
